{
  "name": "packages",
  "version": "0.0.1",
  "lockfileVersion": 1,
  "requires": true,
  "dependencies": {
    "renovate-config-angular": {
      "version": "0.0.4",
      "resolved": "https://registry.npmjs.org/renovate-config-angular/-/renovate-config-angular-0.0.4.tgz",
      "integrity": "sha512-SeiIMY1bjHZP/kOjJ7ovNGeHKKHDnR8P2whA7VwsEscivV/6lWfdwBEE5gczzbFM6cqsrbEtIQHqL2qhX1t+7w==",
      "dev": true
    }
  }
}
