{
  "name": "packages",
  "version": "0.0.1",
  "lockfileVersion": 1,
  "requires": true,
  "dependencies": {
    "renovate-config-angular": {
      "version": "0.0.2",
      "resolved": "https://registry.npmjs.org/renovate-config-angular/-/renovate-config-angular-0.0.2.tgz",
      "integrity": "sha512-osS9y2R+df4u14DSoDUOdKex6zmvR09g80uDOPVYLtLtTL6bmPi6C6czK3qPOAhxBr/haPqd8WQQ2bgkBakNeQ==",
      "dev": true
    }
  }
}
