{
  "name": "packages",
  "version": "0.0.1",
  "lockfileVersion": 1,
  "requires": true,
  "dependencies": {
    "renovate-config-angular": {
      "version": "0.0.1",
      "resolved": "https://registry.npmjs.org/renovate-config-angular/-/renovate-config-angular-0.0.1.tgz",
      "integrity": "sha512-pPWQdKVJnjtWdgdABuvOQSX82iO5vUBqNqz3PJpswudmOvAhdZBlY0nDhvse2ISlqsNfMgmNyDPJK/h/j59B+A==",
      "dev": true
    }
  }
}
